
Microsoft Visual Studio Solution File, Format Version 12.00
# Visual Studio Version 16
VisualStudioVersion = 16.0.32901.82
MinimumVisualStudioVersion = 10.0.40219.1
Project("{FAE04EC0-301F-11D3-BF4B-00C04F79EFBC}") = "cat diet", "cat diet\cat diet.csproj", "{AC5277CC-3605-4AE4-A73E-3254EDB94DF1}"
EndProject
Project("{FAE04EC0-301F-11D3-BF4B-00C04F79EFBC}") = "Football Kit", "..\Football Kit\Football Kit.csproj", "{5E48C075-9554-41D4-931A-CFF30C3695E2}"
EndProject
Project("{FAE04EC0-301F-11D3-BF4B-00C04F79EFBC}") = "Excursion Calculator", "..\Excursion Calculator\Excursion Calculator.csproj", "{A5669376-1303-484D-946C-BA498423BC9E}"
EndProject
Project("{FAE04EC0-301F-11D3-BF4B-00C04F79EFBC}") = "Computer Firm", "..\Computer Firm\Computer Firm.csproj", "{20087292-C0A9-47CB-BC80-18F2784D8D3E}"
EndProject
Project("{FAE04EC0-301F-11D3-BF4B-00C04F79EFBC}") = "Hair Salon", "..\Hair Salon\Hair Salon.csproj", "{A7BA3C24-941A-464E-BA0C-00EDDEBC545F}"
EndProject
Project("{FAE04EC0-301F-11D3-BF4B-00C04F79EFBC}") = "Substitute", "..\Substitute\Substitute.csproj", "{26757E31-0672-45F4-A228-7D1ABCC9D8DF}"
EndProject
Global
	GlobalSection(SolutionConfigurationPlatforms) = preSolution
		Debug|Any CPU = Debug|Any CPU
		Release|Any CPU = Release|Any CPU
	EndGlobalSection
	GlobalSection(ProjectConfigurationPlatforms) = postSolution
		{AC5277CC-3605-4AE4-A73E-3254EDB94DF1}.Debug|Any CPU.ActiveCfg = Debug|Any CPU
		{AC5277CC-3605-4AE4-A73E-3254EDB94DF1}.Debug|Any CPU.Build.0 = Debug|Any CPU
		{AC5277CC-3605-4AE4-A73E-3254EDB94DF1}.Release|Any CPU.ActiveCfg = Release|Any CPU
		{AC5277CC-3605-4AE4-A73E-3254EDB94DF1}.Release|Any CPU.Build.0 = Release|Any CPU
		{5E48C075-9554-41D4-931A-CFF30C3695E2}.Debug|Any CPU.ActiveCfg = Debug|Any CPU
		{5E48C075-9554-41D4-931A-CFF30C3695E2}.Debug|Any CPU.Build.0 = Debug|Any CPU
		{5E48C075-9554-41D4-931A-CFF30C3695E2}.Release|Any CPU.ActiveCfg = Release|Any CPU
		{5E48C075-9554-41D4-931A-CFF30C3695E2}.Release|Any CPU.Build.0 = Release|Any CPU
		{A5669376-1303-484D-946C-BA498423BC9E}.Debug|Any CPU.ActiveCfg = Debug|Any CPU
		{A5669376-1303-484D-946C-BA498423BC9E}.Debug|Any CPU.Build.0 = Debug|Any CPU
		{A5669376-1303-484D-946C-BA498423BC9E}.Release|Any CPU.ActiveCfg = Release|Any CPU
		{A5669376-1303-484D-946C-BA498423BC9E}.Release|Any CPU.Build.0 = Release|Any CPU
		{20087292-C0A9-47CB-BC80-18F2784D8D3E}.Debug|Any CPU.ActiveCfg = Debug|Any CPU
		{20087292-C0A9-47CB-BC80-18F2784D8D3E}.Debug|Any CPU.Build.0 = Debug|Any CPU
		{20087292-C0A9-47CB-BC80-18F2784D8D3E}.Release|Any CPU.ActiveCfg = Release|Any CPU
		{20087292-C0A9-47CB-BC80-18F2784D8D3E}.Release|Any CPU.Build.0 = Release|Any CPU
		{A7BA3C24-941A-464E-BA0C-00EDDEBC545F}.Debug|Any CPU.ActiveCfg = Debug|Any CPU
		{A7BA3C24-941A-464E-BA0C-00EDDEBC545F}.Debug|Any CPU.Build.0 = Debug|Any CPU
		{A7BA3C24-941A-464E-BA0C-00EDDEBC545F}.Release|Any CPU.ActiveCfg = Release|Any CPU
		{A7BA3C24-941A-464E-BA0C-00EDDEBC545F}.Release|Any CPU.Build.0 = Release|Any CPU
		{26757E31-0672-45F4-A228-7D1ABCC9D8DF}.Debug|Any CPU.ActiveCfg = Debug|Any CPU
		{26757E31-0672-45F4-A228-7D1ABCC9D8DF}.Debug|Any CPU.Build.0 = Debug|Any CPU
		{26757E31-0672-45F4-A228-7D1ABCC9D8DF}.Release|Any CPU.ActiveCfg = Release|Any CPU
		{26757E31-0672-45F4-A228-7D1ABCC9D8DF}.Release|Any CPU.Build.0 = Release|Any CPU
	EndGlobalSection
	GlobalSection(SolutionProperties) = preSolution
		HideSolutionNode = FALSE
	EndGlobalSection
	GlobalSection(ExtensibilityGlobals) = postSolution
		SolutionGuid = {DE2EE44E-3523-4A43-B186-F193A122BEF4}
	EndGlobalSection
EndGlobal
